// !$*UTF8*$!
{
	archiveVersion = 1;
	classes = {
	};
	objectVersion = 56;
	objects = {

/* Begin PBXBuildFile section */
		04DFC0DE2C6E080000F593DD /* AppDelegate.swift in Sources */ = {isa = PBXBuildFile; fileRef = 04DFC0DD2C6E080000F593DD /* AppDelegate.swift */; };
		04DFC0E02C6E080000F593DD /* SceneDelegate.swift in Sources */ = {isa = PBXBuildFile; fileRef = 04DFC0DF2C6E080000F593DD /* SceneDelegate.swift */; };
		04DFC0E22C6E080000F593DD /* ViewController.swift in Sources */ = {isa = PBXBuildFile; fileRef = 04DFC0E12C6E080000F593DD /* ViewController.swift */; };
		04DFC0E52C6E080000F593DD /* Main.storyboard in Resources */ = {isa = PBXBuildFile; fileRef = 04DFC0E32C6E080000F593DD /* Main.storyboard */; };
		04DFC0E72C6E080100F593DD /* Assets.xcassets in Resources */ = {isa = PBXBuildFile; fileRef = 04DFC0E62C6E080100F593DD /* Assets.xcassets */; };
		04DFC0EA2C6E080100F593DD /* LaunchScreen.storyboard in Resources */ = {isa = PBXBuildFile; fileRef = 04DFC0E82C6E080100F593DD /* LaunchScreen.storyboard */; };
		04DFC0F22C6E081000F593DD /* Withable.swift in Sources */ = {isa = PBXBuildFile; fileRef = 04DFC0F12C6E081000F593DD /* Withable.swift */; };
		04DFC0F42C6E087400F593DD /* Collections+.swift in Sources */ = {isa = PBXBuildFile; fileRef = 04DFC0F32C6E087400F593DD /* Collections+.swift */; };
		04DFC0F62C6E089200F593DD /* UICellID.swift in Sources */ = {isa = PBXBuildFile; fileRef = 04DFC0F52C6E089200F593DD /* UICellID.swift */; };
		04DFC0F82C6E09D600F593DD /* CustomButton.swift in Sources */ = {isa = PBXBuildFile; fileRef = 04DFC0F72C6E09D600F593DD /* CustomButton.swift */; };
		04DFC0FA2C6E0A6200F593DD /* VC.swift in Sources */ = {isa = PBXBuildFile; fileRef = 04DFC0F92C6E0A6200F593DD /* VC.swift */; };
/* End PBXBuildFile section */

/* Begin PBXFileReference section */
		04DFC0DA2C6E080000F593DD /* ExampleCodeStyle.app */ = {isa = PBXFileReference; explicitFileType = wrapper.application; includeInIndex = 0; path = ExampleCodeStyle.app; sourceTree = BUILT_PRODUCTS_DIR; };
		04DFC0DD2C6E080000F593DD /* AppDelegate.swift */ = {isa = PBXFileReference; lastKnownFileType = sourcecode.swift; path = AppDelegate.swift; sourceTree = "<group>"; };
		04DFC0DF2C6E080000F593DD /* SceneDelegate.swift */ = {isa = PBXFileReference; lastKnownFileType = sourcecode.swift; path = SceneDelegate.swift; sourceTree = "<group>"; };
		04DFC0E12C6E080000F593DD /* ViewController.swift */ = {isa = PBXFileReference; lastKnownFileType = sourcecode.swift; path = ViewController.swift; sourceTree = "<group>"; };
		04DFC0E42C6E080000F593DD /* Base */ = {isa = PBXFileReference; lastKnownFileType = file.storyboard; name = Base; path = Base.lproj/Main.storyboard; sourceTree = "<group>"; };
		04DFC0E62C6E080100F593DD /* Assets.xcassets */ = {isa = PBXFileReference; lastKnownFileType = folder.assetcatalog; path = Assets.xcassets; sourceTree = "<group>"; };
		04DFC0E92C6E080100F593DD /* Base */ = {isa = PBXFileReference; lastKnownFileType = file.storyboard; name = Base; path = Base.lproj/LaunchScreen.storyboard; sourceTree = "<group>"; };
		04DFC0EB2C6E080100F593DD /* Info.plist */ = {isa = PBXFileReference; lastKnownFileType = text.plist.xml; path = Info.plist; sourceTree = "<group>"; };
		04DFC0F12C6E081000F593DD /* Withable.swift */ = {isa = PBXFileReference; lastKnownFileType = sourcecode.swift; path = Withable.swift; sourceTree = "<group>"; };
		04DFC0F32C6E087400F593DD /* Collections+.swift */ = {isa = PBXFileReference; lastKnownFileType = sourcecode.swift; path = "Collections+.swift"; sourceTree = "<group>"; };
		04DFC0F52C6E089200F593DD /* UICellID.swift */ = {isa = PBXFileReference; lastKnownFileType = sourcecode.swift; path = UICellID.swift; sourceTree = "<group>"; };
		04DFC0F72C6E09D600F593DD /* CustomButton.swift */ = {isa = PBXFileReference; lastKnownFileType = sourcecode.swift; path = CustomButton.swift; sourceTree = "<group>"; };
		04DFC0F92C6E0A6200F593DD /* VC.swift */ = {isa = PBXFileReference; lastKnownFileType = sourcecode.swift; path = VC.swift; sourceTree = "<group>"; };
/* End PBXFileReference section */

/* Begin PBXFrameworksBuildPhase section */
		04DFC0D72C6E080000F593DD /* Frameworks */ = {
			isa = PBXFrameworksBuildPhase;
			buildActionMask = 2147483647;
			files = (
			);
			runOnlyForDeploymentPostprocessing = 0;
		};
/* End PBXFrameworksBuildPhase section */

/* Begin PBXGroup section */
		04DFC0D12C6E07FF00F593DD = {
			isa = PBXGroup;
			children = (
				04DFC0DC2C6E080000F593DD /* ExampleCodeStyle */,
				04DFC0DB2C6E080000F593DD /* Products */,
			);
			sourceTree = "<group>";
		};
		04DFC0DB2C6E080000F593DD /* Products */ = {
			isa = PBXGroup;
			children = (
				04DFC0DA2C6E080000F593DD /* ExampleCodeStyle.app */,
			);
			name = Products;
			sourceTree = "<group>";
		};
		04DFC0DC2C6E080000F593DD /* ExampleCodeStyle */ = {
			isa = PBXGroup;
			children = (
				04DFC0DD2C6E080000F593DD /* AppDelegate.swift */,
				04DFC0DF2C6E080000F593DD /* SceneDelegate.swift */,
				04DFC0E12C6E080000F593DD /* ViewController.swift */,
				04DFC0E32C6E080000F593DD /* Main.storyboard */,
				04DFC0E62C6E080100F593DD /* Assets.xcassets */,
				04DFC0E82C6E080100F593DD /* LaunchScreen.storyboard */,
				04DFC0EB2C6E080100F593DD /* Info.plist */,
				04DFC0F12C6E081000F593DD /* Withable.swift */,
				04DFC0F32C6E087400F593DD /* Collections+.swift */,
				04DFC0F52C6E089200F593DD /* UICellID.swift */,
				04DFC0F72C6E09D600F593DD /* CustomButton.swift */,
				04DFC0F92C6E0A6200F593DD /* VC.swift */,
			);
			path = ExampleCodeStyle;
			sourceTree = "<group>";
		};
/* End PBXGroup section */

/* Begin PBXNativeTarget section */
		04DFC0D92C6E080000F593DD /* ExampleCodeStyle */ = {
			isa = PBXNativeTarget;
			buildConfigurationList = 04DFC0EE2C6E080100F593DD /* Build configuration list for PBXNativeTarget "ExampleCodeStyle" */;
			buildPhases = (
				04DFC0D62C6E080000F593DD /* Sources */,
				04DFC0D72C6E080000F593DD /* Frameworks */,
				04DFC0D82C6E080000F593DD /* Resources */,
			);
			buildRules = (
			);
			dependencies = (
			);
			name = ExampleCodeStyle;
			productName = ExampleCodeStyle;
			productReference = 04DFC0DA2C6E080000F593DD /* ExampleCodeStyle.app */;
			productType = "com.apple.product-type.application";
		};
/* End PBXNativeTarget section */

/* Begin PBXProject section */
		04DFC0D22C6E07FF00F593DD /* Project object */ = {
			isa = PBXProject;
			attributes = {
				BuildIndependentTargetsInParallel = 1;
				LastSwiftUpdateCheck = 1510;
				LastUpgradeCheck = 1510;
				TargetAttributes = {
					04DFC0D92C6E080000F593DD = {
						CreatedOnToolsVersion = 15.1;
					};
				};
			};
			buildConfigurationList = 04DFC0D52C6E07FF00F593DD /* Build configuration list for PBXProject "ExampleCodeStyle" */;
			compatibilityVersion = "Xcode 14.0";
			developmentRegion = en;
			hasScannedForEncodings = 0;
			knownRegions = (
				en,
				Base,
			);
			mainGroup = 04DFC0D12C6E07FF00F593DD;
			productRefGroup = 04DFC0DB2C6E080000F593DD /* Products */;
			projectDirPath = "";
			projectRoot = "";
			targets = (
				04DFC0D92C6E080000F593DD /* ExampleCodeStyle */,
			);
		};
/* End PBXProject section */

/* Begin PBXResourcesBuildPhase section */
		04DFC0D82C6E080000F593DD /* Resources */ = {
			isa = PBXResourcesBuildPhase;
			buildActionMask = 2147483647;
			files = (
				04DFC0EA2C6E080100F593DD /* LaunchScreen.storyboard in Resources */,
				04DFC0E72C6E080100F593DD /* Assets.xcassets in Resources */,
				04DFC0E52C6E080000F593DD /* Main.storyboard in Resources */,
			);
			runOnlyForDeploymentPostprocessing = 0;
		};
/* End PBXResourcesBuildPhase section */

/* Begin PBXSourcesBuildPhase section */
		04DFC0D62C6E080000F593DD /* Sources */ = {
			isa = PBXSourcesBuildPhase;
			buildActionMask = 2147483647;
			files = (
				04DFC0E22C6E080000F593DD /* ViewController.swift in Sources */,
				04DFC0F22C6E081000F593DD /* Withable.swift in Sources */,
				04DFC0DE2C6E080000F593DD /* AppDelegate.swift in Sources */,
				04DFC0F42C6E087400F593DD /* Collections+.swift in Sources */,
				04DFC0FA2C6E0A6200F593DD /* VC.swift in Sources */,
				04DFC0F82C6E09D600F593DD /* CustomButton.swift in Sources */,
				04DFC0F62C6E089200F593DD /* UICellID.swift in Sources */,
				04DFC0E02C6E080000F593DD /* SceneDelegate.swift in Sources */,
			);
			runOnlyForDeploymentPostprocessing = 0;
		};
/* End PBXSourcesBuildPhase section */

/* Begin PBXVariantGroup section */
		04DFC0E32C6E080000F593DD /* Main.storyboard */ = {
			isa = PBXVariantGroup;
			children = (
				04DFC0E42C6E080000F593DD /* Base */,
			);
			name = Main.storyboard;
			sourceTree = "<group>";
		};
		04DFC0E82C6E080100F593DD /* LaunchScreen.storyboard */ = {
			isa = PBXVariantGroup;
			children = (
				04DFC0E92C6E080100F593DD /* Base */,
			);
			name = LaunchScreen.storyboard;
			sourceTree = "<group>";
		};
/* End PBXVariantGroup section */

/* Begin XCBuildConfiguration section */
		04DFC0EC2C6E080100F593DD /* Debug */ = {
			isa = XCBuildConfiguration;
			buildSettings = {
				ALWAYS_SEARCH_USER_PATHS = NO;
				ASSETCATALOG_COMPILER_GENERATE_SWIFT_ASSET_SYMBOL_EXTENSIONS = YES;
				CLANG_ANALYZER_NONNULL = YES;
				CLANG_ANALYZER_NUMBER_OBJECT_CONVERSION = YES_AGGRESSIVE;
				CLANG_CXX_LANGUAGE_STANDARD = "gnu++20";
				CLANG_ENABLE_MODULES = YES;
				CLANG_ENABLE_OBJC_ARC = YES;
				CLANG_ENABLE_OBJC_WEAK = YES;
				CLANG_WARN_BLOCK_CAPTURE_AUTORELEASING = YES;
				CLANG_WARN_BOOL_CONVERSION = YES;
				CLANG_WARN_COMMA = YES;
				CLANG_WARN_CONSTANT_CONVERSION = YES;
				CLANG_WARN_DEPRECATED_OBJC_IMPLEMENTATIONS = YES;
				CLANG_WARN_DIRECT_OBJC_ISA_USAGE = YES_ERROR;
				CLANG_WARN_DOCUMENTATION_COMMENTS = YES;
				CLANG_WARN_EMPTY_BODY = YES;
				CLANG_WARN_ENUM_CONVERSION = YES;
				CLANG_WARN_INFINITE_RECURSION = YES;
				CLANG_WARN_INT_CONVERSION = YES;
				CLANG_WARN_NON_LITERAL_NULL_CONVERSION = YES;
				CLANG_WARN_OBJC_IMPLICIT_RETAIN_SELF = YES;
				CLANG_WARN_OBJC_LITERAL_CONVERSION = YES;
				CLANG_WARN_OBJC_ROOT_CLASS = YES_ERROR;
				CLANG_WARN_QUOTED_INCLUDE_IN_FRAMEWORK_HEADER = YES;
				CLANG_WARN_RANGE_LOOP_ANALYSIS = YES;
				CLANG_WARN_STRICT_PROTOTYPES = YES;
				CLANG_WARN_SUSPICIOUS_MOVE = YES;
				CLANG_WARN_UNGUARDED_AVAILABILITY = YES_AGGRESSIVE;
				CLANG_WARN_UNREACHABLE_CODE = YES;
				CLANG_WARN__DUPLICATE_METHOD_MATCH = YES;
				COPY_PHASE_STRIP = NO;
				DEBUG_INFORMATION_FORMAT = dwarf;
				ENABLE_STRICT_OBJC_MSGSEND = YES;
				ENABLE_TESTABILITY = YES;
				ENABLE_USER_SCRIPT_SANDBOXING = YES;
				GCC_C_LANGUAGE_STANDARD = gnu17;
				GCC_DYNAMIC_NO_PIC = NO;
				GCC_NO_COMMON_BLOCKS = YES;
				GCC_OPTIMIZATION_LEVEL = 0;
				GCC_PREPROCESSOR_DEFINITIONS = (
					"DEBUG=1",
					"$(inherited)",
				);
				GCC_WARN_64_TO_32_BIT_CONVERSION = YES;
				GCC_WARN_ABOUT_RETURN_TYPE = YES_ERROR;
				GCC_WARN_UNDECLARED_SELECTOR = YES;
				GCC_WARN_UNINITIALIZED_AUTOS = YES_AGGRESSIVE;
				GCC_WARN_UNUSED_FUNCTION = YES;
				GCC_WARN_UNUSED_VARIABLE = YES;
				IPHONEOS_DEPLOYMENT_TARGET = 17.2;
				LOCALIZATION_PREFERS_STRING_CATALOGS = YES;
				MTL_ENABLE_DEBUG_INFO = INCLUDE_SOURCE;
				MTL_FAST_MATH = YES;
				ONLY_ACTIVE_ARCH = YES;
				SDKROOT = iphoneos;
				SWIFT_ACTIVE_COMPILATION_CONDITIONS = "DEBUG $(inherited)";
				SWIFT_OPTIMIZATION_LEVEL = "-Onone";
			};
			name = Debug;
		};
		04DFC0ED2C6E080100F593DD /* Release */ = {
			isa = XCBuildConfiguration;
			buildSettings = {
				ALWAYS_SEARCH_USER_PATHS = NO;
				ASSETCATALOG_COMPILER_GENERATE_SWIFT_ASSET_SYMBOL_EXTENSIONS = YES;
				CLANG_ANALYZER_NONNULL = YES;
				CLANG_ANALYZER_NUMBER_OBJECT_CONVERSION = YES_AGGRESSIVE;
				CLANG_CXX_LANGUAGE_STANDARD = "gnu++20";
				CLANG_ENABLE_MODULES = YES;
				CLANG_ENABLE_OBJC_ARC = YES;
				CLANG_ENABLE_OBJC_WEAK = YES;
				CLANG_WARN_BLOCK_CAPTURE_AUTORELEASING = YES;
				CLANG_WARN_BOOL_CONVERSION = YES;
				CLANG_WARN_COMMA = YES;
				CLANG_WARN_CONSTANT_CONVERSION = YES;
				CLANG_WARN_DEPRECATED_OBJC_IMPLEMENTATIONS = YES;
				CLANG_WARN_DIRECT_OBJC_ISA_USAGE = YES_ERROR;
				CLANG_WARN_DOCUMENTATION_COMMENTS = YES;
				CLANG_WARN_EMPTY_BODY = YES;
				CLANG_WARN_ENUM_CONVERSION = YES;
				CLANG_WARN_INFINITE_RECURSION = YES;
				CLANG_WARN_INT_CONVERSION = YES;
				CLANG_WARN_NON_LITERAL_NULL_CONVERSION = YES;
				CLANG_WARN_OBJC_IMPLICIT_RETAIN_SELF = YES;
				CLANG_WARN_OBJC_LITERAL_CONVERSION = YES;
				CLANG_WARN_OBJC_ROOT_CLASS = YES_ERROR;
				CLANG_WARN_QUOTED_INCLUDE_IN_FRAMEWORK_HEADER = YES;
				CLANG_WARN_RANGE_LOOP_ANALYSIS = YES;
				CLANG_WARN_STRICT_PROTOTYPES = YES;
				CLANG_WARN_SUSPICIOUS_MOVE = YES;
				CLANG_WARN_UNGUARDED_AVAILABILITY = YES_AGGRESSIVE;
				CLANG_WARN_UNREACHABLE_CODE = YES;
				CLANG_WARN__DUPLICATE_METHOD_MATCH = YES;
				COPY_PHASE_STRIP = NO;
				DEBUG_INFORMATION_FORMAT = "dwarf-with-dsym";
				ENABLE_NS_ASSERTIONS = NO;
				ENABLE_STRICT_OBJC_MSGSEND = YES;
				ENABLE_USER_SCRIPT_SANDBOXING = YES;
				GCC_C_LANGUAGE_STANDARD = gnu17;
				GCC_NO_COMMON_BLOCKS = YES;
				GCC_WARN_64_TO_32_BIT_CONVERSION = YES;
				GCC_WARN_ABOUT_RETURN_TYPE = YES_ERROR;
				GCC_WARN_UNDECLARED_SELECTOR = YES;
				GCC_WARN_UNINITIALIZED_AUTOS = YES_AGGRESSIVE;
				GCC_WARN_UNUSED_FUNCTION = YES;
				GCC_WARN_UNUSED_VARIABLE = YES;
				IPHONEOS_DEPLOYMENT_TARGET = 17.2;
				LOCALIZATION_PREFERS_STRING_CATALOGS = YES;
				MTL_ENABLE_DEBUG_INFO = NO;
				MTL_FAST_MATH = YES;
				SDKROOT = iphoneos;
				SWIFT_COMPILATION_MODE = wholemodule;
				VALIDATE_PRODUCT = YES;
			};
			name = Release;
		};
		04DFC0EF2C6E080100F593DD /* Debug */ = {
			isa = XCBuildConfiguration;
			buildSettings = {
				ASSETCATALOG_COMPILER_APPICON_NAME = AppIcon;
				ASSETCATALOG_COMPILER_GLOBAL_ACCENT_COLOR_NAME = AccentColor;
				CODE_SIGN_STYLE = Automatic;
				CURRENT_PROJECT_VERSION = 1;
				GENERATE_INFOPLIST_FILE = YES;
				INFOPLIST_FILE = ExampleCodeStyle/Info.plist;
				INFOPLIST_KEY_UIApplicationSupportsIndirectInputEvents = YES;
				INFOPLIST_KEY_UILaunchStoryboardName = LaunchScreen;
				INFOPLIST_KEY_UIMainStoryboardFile = Main;
				INFOPLIST_KEY_UISupportedInterfaceOrientations_iPad = "UIInterfaceOrientationPortrait UIInterfaceOrientationPortraitUpsideDown UIInterfaceOrientationLandscapeLeft UIInterfaceOrientationLandscapeRight";
				INFOPLIST_KEY_UISupportedInterfaceOrientations_iPhone = "UIInterfaceOrientationPortrait UIInterfaceOrientationLandscapeLeft UIInterfaceOrientationLandscapeRight";
				LD_RUNPATH_SEARCH_PATHS = (
					"$(inherited)",
					"@executable_path/Frameworks",
				);
				MARKETING_VERSION = 1.0;
				PRODUCT_BUNDLE_IDENTIFIER = com.company.ExampleCodeStyle;
				PRODUCT_NAME = "$(TARGET_NAME)";
				SWIFT_EMIT_LOC_STRINGS = YES;
				SWIFT_VERSION = 5.0;
				TARGETED_DEVICE_FAMILY = "1,2";
			};
			name = Debug;
		};
		04DFC0F02C6E080100F593DD /* Release */ = {
			isa = XCBuildConfiguration;
			buildSettings = {
				ASSETCATALOG_COMPILER_APPICON_NAME = AppIcon;
				ASSETCATALOG_COMPILER_GLOBAL_ACCENT_COLOR_NAME = AccentColor;
				CODE_SIGN_STYLE = Automatic;
				CURRENT_PROJECT_VERSION = 1;
				GENERATE_INFOPLIST_FILE = YES;
				INFOPLIST_FILE = ExampleCodeStyle/Info.plist;
				INFOPLIST_KEY_UIApplicationSupportsIndirectInputEvents = YES;
				INFOPLIST_KEY_UILaunchStoryboardName = LaunchScreen;
				INFOPLIST_KEY_UIMainStoryboardFile = Main;
				INFOPLIST_KEY_UISupportedInterfaceOrientations_iPad = "UIInterfaceOrientationPortrait UIInterfaceOrientationPortraitUpsideDown UIInterfaceOrientationLandscapeLeft UIInterfaceOrientationLandscapeRight";
				INFOPLIST_KEY_UISupportedInterfaceOrientations_iPhone = "UIInterfaceOrientationPortrait UIInterfaceOrientationLandscapeLeft UIInterfaceOrientationLandscapeRight";
				LD_RUNPATH_SEARCH_PATHS = (
					"$(inherited)",
					"@executable_path/Frameworks",
				);
				MARKETING_VERSION = 1.0;
				PRODUCT_BUNDLE_IDENTIFIER = com.company.ExampleCodeStyle;
				PRODUCT_NAME = "$(TARGET_NAME)";
				SWIFT_EMIT_LOC_STRINGS = YES;
				SWIFT_VERSION = 5.0;
				TARGETED_DEVICE_FAMILY = "1,2";
			};
			name = Release;
		};
/* End XCBuildConfiguration section */

/* Begin XCConfigurationList section */
		04DFC0D52C6E07FF00F593DD /* Build configuration list for PBXProject "ExampleCodeStyle" */ = {
			isa = XCConfigurationList;
			buildConfigurations = (
				04DFC0EC2C6E080100F593DD /* Debug */,
				04DFC0ED2C6E080100F593DD /* Release */,
			);
			defaultConfigurationIsVisible = 0;
			defaultConfigurationName = Release;
		};
		04DFC0EE2C6E080100F593DD /* Build configuration list for PBXNativeTarget "ExampleCodeStyle" */ = {
			isa = XCConfigurationList;
			buildConfigurations = (
				04DFC0EF2C6E080100F593DD /* Debug */,
				04DFC0F02C6E080100F593DD /* Release */,
			);
			defaultConfigurationIsVisible = 0;
			defaultConfigurationName = Release;
		};
/* End XCConfigurationList section */
	};
	rootObject = 04DFC0D22C6E07FF00F593DD /* Project object */;
}
